
Microsoft Visual Studio Solution File, Format Version 12.00
# Visual Studio 14
VisualStudioVersion = 14.0.24720.0
MinimumVisualStudioVersion = 10.0.40219.1
Project("{FAE04EC0-301F-11D3-BF4B-00C04F79EFBC}") = "YearbookDownloader", "YearbookDownloader\YearbookDownloader.csproj", "{62E12C53-3407-4175-9232-2D718CCDC10B}"
EndProject
Project("{FAE04EC0-301F-11D3-BF4B-00C04F79EFBC}") = "YearbookDownloader.Library", "YearbookDownloader.Library\YearbookDownloader.Library.csproj", "{33BCD21F-C86E-422F-A20F-7F63F12B0B83}"
EndProject
Project("{FAE04EC0-301F-11D3-BF4B-00C04F79EFBC}") = "YearbookDownloader.Console", "YearbookDownloader.Console\YearbookDownloader.Console.csproj", "{E896EDB7-1731-4708-B6D9-7D88FB072916}"
EndProject
Global
	GlobalSection(SolutionConfigurationPlatforms) = preSolution
		Debug|Any CPU = Debug|Any CPU
		Release|Any CPU = Release|Any CPU
	EndGlobalSection
	GlobalSection(ProjectConfigurationPlatforms) = postSolution
		{62E12C53-3407-4175-9232-2D718CCDC10B}.Debug|Any CPU.ActiveCfg = Debug|Any CPU
		{62E12C53-3407-4175-9232-2D718CCDC10B}.Debug|Any CPU.Build.0 = Debug|Any CPU
		{62E12C53-3407-4175-9232-2D718CCDC10B}.Release|Any CPU.ActiveCfg = Release|Any CPU
		{62E12C53-3407-4175-9232-2D718CCDC10B}.Release|Any CPU.Build.0 = Release|Any CPU
		{33BCD21F-C86E-422F-A20F-7F63F12B0B83}.Debug|Any CPU.ActiveCfg = Debug|Any CPU
		{33BCD21F-C86E-422F-A20F-7F63F12B0B83}.Debug|Any CPU.Build.0 = Debug|Any CPU
		{33BCD21F-C86E-422F-A20F-7F63F12B0B83}.Release|Any CPU.ActiveCfg = Release|Any CPU
		{33BCD21F-C86E-422F-A20F-7F63F12B0B83}.Release|Any CPU.Build.0 = Release|Any CPU
		{E896EDB7-1731-4708-B6D9-7D88FB072916}.Debug|Any CPU.ActiveCfg = Debug|Any CPU
		{E896EDB7-1731-4708-B6D9-7D88FB072916}.Debug|Any CPU.Build.0 = Debug|Any CPU
		{E896EDB7-1731-4708-B6D9-7D88FB072916}.Release|Any CPU.ActiveCfg = Release|Any CPU
		{E896EDB7-1731-4708-B6D9-7D88FB072916}.Release|Any CPU.Build.0 = Release|Any CPU
	EndGlobalSection
	GlobalSection(SolutionProperties) = preSolution
		HideSolutionNode = FALSE
	EndGlobalSection
EndGlobal
